// !$*UTF8*$!
{
	archiveVersion = 1;
	classes = {
	};
	objectVersion = 56;
	objects = {

/* Begin PBXBuildFile section */
		020300182A1A7AD90082A063 /* main.c in Sources */ = {isa = PBXBuildFile; fileRef = 020300172A1A7AD90082A063 /* main.c */; };
		0203001B2A1AC0420082A063 /* globals.c in Sources */ = {isa = PBXBuildFile; fileRef = 0203001A2A1AC0420082A063 /* globals.c */; };
		0203001E2A1AD5C40082A063 /* types.c in Sources */ = {isa = PBXBuildFile; fileRef = 0203001D2A1AD5C40082A063 /* types.c */; };
		020300212A1D08840082A063 /* lexer.c in Sources */ = {isa = PBXBuildFile; fileRef = 020300202A1D08840082A063 /* lexer.c */; };
		020300242A1D0BB70082A063 /* report.c in Sources */ = {isa = PBXBuildFile; fileRef = 020300232A1D0BB70082A063 /* report.c */; };
		020300272A1EBA4A0082A063 /* parser.c in Sources */ = {isa = PBXBuildFile; fileRef = 020300262A1EBA4A0082A063 /* parser.c */; };
		0203002E2A24F49C0082A063 /* builder.c in Sources */ = {isa = PBXBuildFile; fileRef = 0203002D2A24F49C0082A063 /* builder.c */; };
		028BE7EA2A88FAED0049431E /* utilities.c in Sources */ = {isa = PBXBuildFile; fileRef = 028BE7E92A88FAED0049431E /* utilities.c */; };
		028F23A12A707CBB00279ECC /* compiler.c in Sources */ = {isa = PBXBuildFile; fileRef = 028F23A02A707CBB00279ECC /* compiler.c */; };
/* End PBXBuildFile section */

/* Begin PBXCopyFilesBuildPhase section */
		02392DF32A04024600F1AE9C /* CopyFiles */ = {
			isa = PBXCopyFilesBuildPhase;
			buildActionMask = 2147483647;
			dstPath = /usr/share/man/man1/;
			dstSubfolderSpec = 0;
			files = (
			);
			runOnlyForDeploymentPostprocessing = 1;
		};
/* End PBXCopyFilesBuildPhase section */

/* Begin PBXFileReference section */
		020300162A1A7AD90082A063 /* main.h */ = {isa = PBXFileReference; lastKnownFileType = sourcecode.c.h; path = main.h; sourceTree = "<group>"; };
		020300172A1A7AD90082A063 /* main.c */ = {isa = PBXFileReference; lastKnownFileType = sourcecode.c.c; path = main.c; sourceTree = "<group>"; };
		020300192A1AC0420082A063 /* globals.h */ = {isa = PBXFileReference; lastKnownFileType = sourcecode.c.h; path = globals.h; sourceTree = "<group>"; };
		0203001A2A1AC0420082A063 /* globals.c */ = {isa = PBXFileReference; lastKnownFileType = sourcecode.c.c; path = globals.c; sourceTree = "<group>"; };
		0203001C2A1ACA210082A063 /* types.h */ = {isa = PBXFileReference; lastKnownFileType = sourcecode.c.h; path = types.h; sourceTree = "<group>"; };
		0203001D2A1AD5C40082A063 /* types.c */ = {isa = PBXFileReference; indentWidth = 4; lastKnownFileType = sourcecode.c.c; path = types.c; sourceTree = "<group>"; };
		0203001F2A1D08840082A063 /* lexer.h */ = {isa = PBXFileReference; lastKnownFileType = sourcecode.c.h; path = lexer.h; sourceTree = "<group>"; };
		020300202A1D08840082A063 /* lexer.c */ = {isa = PBXFileReference; lastKnownFileType = sourcecode.c.c; path = lexer.c; sourceTree = "<group>"; };
		020300222A1D0BB70082A063 /* report.h */ = {isa = PBXFileReference; lastKnownFileType = sourcecode.c.h; path = report.h; sourceTree = "<group>"; };
		020300232A1D0BB70082A063 /* report.c */ = {isa = PBXFileReference; lastKnownFileType = sourcecode.c.c; path = report.c; sourceTree = "<group>"; };
		020300252A1EBA4A0082A063 /* parser.h */ = {isa = PBXFileReference; lastKnownFileType = sourcecode.c.h; path = parser.h; sourceTree = "<group>"; };
		020300262A1EBA4A0082A063 /* parser.c */ = {isa = PBXFileReference; lastKnownFileType = sourcecode.c.c; path = parser.c; sourceTree = "<group>"; };
		0203002B2A2031CA0082A063 /* jsmn.h */ = {isa = PBXFileReference; lastKnownFileType = sourcecode.c.h; path = jsmn.h; sourceTree = "<group>"; };
		0203002C2A24F49C0082A063 /* builder.h */ = {isa = PBXFileReference; lastKnownFileType = sourcecode.c.h; path = builder.h; sourceTree = "<group>"; };
		0203002D2A24F49C0082A063 /* builder.c */ = {isa = PBXFileReference; lastKnownFileType = sourcecode.c.c; path = builder.c; sourceTree = "<group>"; };
		02392DF52A04024600F1AE9C /* LLCL */ = {isa = PBXFileReference; explicitFileType = "compiled.mach-o.executable"; includeInIndex = 0; path = LLCL; sourceTree = BUILT_PRODUCTS_DIR; };
		028BE7E82A88FAED0049431E /* utilities.h */ = {isa = PBXFileReference; lastKnownFileType = sourcecode.c.h; path = utilities.h; sourceTree = "<group>"; };
		028BE7E92A88FAED0049431E /* utilities.c */ = {isa = PBXFileReference; lastKnownFileType = sourcecode.c.c; path = utilities.c; sourceTree = "<group>"; };
		028F239C2A6F2BE000279ECC /* objectFile.o */ = {isa = PBXFileReference; lastKnownFileType = "compiled.mach-o.objfile"; name = objectFile.o; path = LLCL/in_LLCL/build/objectFile.o; sourceTree = "<group>"; };
		028F239E2A6F2E0800279ECC /* fromLLCL.h */ = {isa = PBXFileReference; lastKnownFileType = sourcecode.c.h; path = fromLLCL.h; sourceTree = "<group>"; };
		028F239F2A707CBB00279ECC /* compiler.h */ = {isa = PBXFileReference; lastKnownFileType = sourcecode.c.h; path = compiler.h; sourceTree = "<group>"; };
		028F23A02A707CBB00279ECC /* compiler.c */ = {isa = PBXFileReference; lastKnownFileType = sourcecode.c.c; path = compiler.c; sourceTree = "<group>"; };
		028F23A22A72D99400279ECC /* LLCL.entitlements */ = {isa = PBXFileReference; lastKnownFileType = text.plist.entitlements; path = LLCL.entitlements; sourceTree = "<group>"; };
/* End PBXFileReference section */

/* Begin PBXFrameworksBuildPhase section */
		02392DF22A04024600F1AE9C /* Frameworks */ = {
			isa = PBXFrameworksBuildPhase;
			buildActionMask = 2147483647;
			files = (
			);
			runOnlyForDeploymentPostprocessing = 0;
		};
/* End PBXFrameworksBuildPhase section */

/* Begin PBXGroup section */
		02392DEC2A04024600F1AE9C = {
			isa = PBXGroup;
			children = (
				02392DF72A04024600F1AE9C /* LLCL */,
				02392DF62A04024600F1AE9C /* Products */,
				028F239B2A6F2BDF00279ECC /* Frameworks */,
			);
			sourceTree = "<group>";
		};
		02392DF62A04024600F1AE9C /* Products */ = {
			isa = PBXGroup;
			children = (
				02392DF52A04024600F1AE9C /* LLCL */,
			);
			name = Products;
			sourceTree = "<group>";
		};
		02392DF72A04024600F1AE9C /* LLCL */ = {
			isa = PBXGroup;
			children = (
				028F23A22A72D99400279ECC /* LLCL.entitlements */,
				020300162A1A7AD90082A063 /* main.h */,
				020300172A1A7AD90082A063 /* main.c */,
				020300222A1D0BB70082A063 /* report.h */,
				020300232A1D0BB70082A063 /* report.c */,
				020300192A1AC0420082A063 /* globals.h */,
				0203001A2A1AC0420082A063 /* globals.c */,
				028BE7E82A88FAED0049431E /* utilities.h */,
				028BE7E92A88FAED0049431E /* utilities.c */,
				0203001C2A1ACA210082A063 /* types.h */,
				0203001D2A1AD5C40082A063 /* types.c */,
				0203001F2A1D08840082A063 /* lexer.h */,
				020300202A1D08840082A063 /* lexer.c */,
				020300252A1EBA4A0082A063 /* parser.h */,
				020300262A1EBA4A0082A063 /* parser.c */,
				0203002C2A24F49C0082A063 /* builder.h */,
				0203002D2A24F49C0082A063 /* builder.c */,
				028F239F2A707CBB00279ECC /* compiler.h */,
				028F23A02A707CBB00279ECC /* compiler.c */,
				0203002B2A2031CA0082A063 /* jsmn.h */,
				028F239E2A6F2E0800279ECC /* fromLLCL.h */,
			);
			path = LLCL;
			sourceTree = "<group>";
		};
		028F239B2A6F2BDF00279ECC /* Frameworks */ = {
			isa = PBXGroup;
			children = (
				028F239C2A6F2BE000279ECC /* objectFile.o */,
			);
			name = Frameworks;
			sourceTree = "<group>";
		};
/* End PBXGroup section */

/* Begin PBXNativeTarget section */
		02392DF42A04024600F1AE9C /* LLCL */ = {
			isa = PBXNativeTarget;
			buildConfigurationList = 02392DFC2A04024600F1AE9C /* Build configuration list for PBXNativeTarget "LLCL" */;
			buildPhases = (
				02392DF12A04024600F1AE9C /* Sources */,
				02392DF22A04024600F1AE9C /* Frameworks */,
				02392DF32A04024600F1AE9C /* CopyFiles */,
			);
			buildRules = (
			);
			dependencies = (
			);
			name = LLCL;
			productName = LLCL;
			productReference = 02392DF52A04024600F1AE9C /* LLCL */;
			productType = "com.apple.product-type.tool";
		};
/* End PBXNativeTarget section */

/* Begin PBXProject section */
		02392DED2A04024600F1AE9C /* Project object */ = {
			isa = PBXProject;
			attributes = {
				BuildIndependentTargetsInParallel = 1;
				LastSwiftUpdateCheck = 1430;
				LastUpgradeCheck = 1500;
				TargetAttributes = {
					02392DF42A04024600F1AE9C = {
						CreatedOnToolsVersion = 14.3;
					};
				};
			};
			buildConfigurationList = 02392DF02A04024600F1AE9C /* Build configuration list for PBXProject "LLCL" */;
			compatibilityVersion = "Xcode 14.0";
			developmentRegion = en;
			hasScannedForEncodings = 0;
			knownRegions = (
				en,
				Base,
			);
			mainGroup = 02392DEC2A04024600F1AE9C;
			productRefGroup = 02392DF62A04024600F1AE9C /* Products */;
			projectDirPath = "";
			projectRoot = "";
			targets = (
				02392DF42A04024600F1AE9C /* LLCL */,
			);
		};
/* End PBXProject section */

/* Begin PBXSourcesBuildPhase section */
		02392DF12A04024600F1AE9C /* Sources */ = {
			isa = PBXSourcesBuildPhase;
			buildActionMask = 2147483647;
			files = (
				020300212A1D08840082A063 /* lexer.c in Sources */,
				0203001E2A1AD5C40082A063 /* types.c in Sources */,
				0203002E2A24F49C0082A063 /* builder.c in Sources */,
				0203001B2A1AC0420082A063 /* globals.c in Sources */,
				020300182A1A7AD90082A063 /* main.c in Sources */,
				020300272A1EBA4A0082A063 /* parser.c in Sources */,
				028BE7EA2A88FAED0049431E /* utilities.c in Sources */,
				028F23A12A707CBB00279ECC /* compiler.c in Sources */,
				020300242A1D0BB70082A063 /* report.c in Sources */,
			);
			runOnlyForDeploymentPostprocessing = 0;
		};
/* End PBXSourcesBuildPhase section */

/* Begin XCBuildConfiguration section */
		02392DFA2A04024600F1AE9C /* Debug */ = {
			isa = XCBuildConfiguration;
			buildSettings = {
				ALWAYS_SEARCH_USER_PATHS = NO;
				CLANG_ANALYZER_NONNULL = YES;
				CLANG_ANALYZER_NUMBER_OBJECT_CONVERSION = YES_AGGRESSIVE;
				CLANG_CXX_LANGUAGE_STANDARD = "gnu++20";
				CLANG_ENABLE_MODULES = YES;
				CLANG_ENABLE_OBJC_ARC = YES;
				CLANG_ENABLE_OBJC_WEAK = YES;
				CLANG_WARN_BLOCK_CAPTURE_AUTORELEASING = YES;
				CLANG_WARN_BOOL_CONVERSION = YES;
				CLANG_WARN_COMMA = YES;
				CLANG_WARN_CONSTANT_CONVERSION = YES;
				CLANG_WARN_DEPRECATED_OBJC_IMPLEMENTATIONS = YES;
				CLANG_WARN_DIRECT_OBJC_ISA_USAGE = YES_ERROR;
				CLANG_WARN_DOCUMENTATION_COMMENTS = YES;
				CLANG_WARN_EMPTY_BODY = YES;
				CLANG_WARN_ENUM_CONVERSION = YES;
				CLANG_WARN_INFINITE_RECURSION = YES;
				CLANG_WARN_INT_CONVERSION = YES;
				CLANG_WARN_NON_LITERAL_NULL_CONVERSION = YES;
				CLANG_WARN_OBJC_IMPLICIT_RETAIN_SELF = YES;
				CLANG_WARN_OBJC_LITERAL_CONVERSION = YES;
				CLANG_WARN_OBJC_ROOT_CLASS = YES_ERROR;
				CLANG_WARN_QUOTED_INCLUDE_IN_FRAMEWORK_HEADER = YES;
				CLANG_WARN_RANGE_LOOP_ANALYSIS = YES;
				CLANG_WARN_STRICT_PROTOTYPES = YES;
				CLANG_WARN_SUSPICIOUS_MOVE = YES;
				CLANG_WARN_UNGUARDED_AVAILABILITY = YES_AGGRESSIVE;
				CLANG_WARN_UNREACHABLE_CODE = YES;
				CLANG_WARN__DUPLICATE_METHOD_MATCH = YES;
				COPY_PHASE_STRIP = NO;
				DEAD_CODE_STRIPPING = YES;
				DEBUG_INFORMATION_FORMAT = dwarf;
				ENABLE_STRICT_OBJC_MSGSEND = YES;
				ENABLE_TESTABILITY = YES;
				ENABLE_USER_SCRIPT_SANDBOXING = YES;
				GCC_C_LANGUAGE_STANDARD = gnu11;
				GCC_DYNAMIC_NO_PIC = NO;
				GCC_NO_COMMON_BLOCKS = YES;
				GCC_OPTIMIZATION_LEVEL = 0;
				GCC_PREPROCESSOR_DEFINITIONS = (
					"DEBUG=1",
					"$(inherited)",
				);
				GCC_WARN_64_TO_32_BIT_CONVERSION = YES;
				GCC_WARN_ABOUT_RETURN_TYPE = YES_ERROR;
				GCC_WARN_UNDECLARED_SELECTOR = YES;
				GCC_WARN_UNINITIALIZED_AUTOS = YES_AGGRESSIVE;
				GCC_WARN_UNUSED_FUNCTION = YES;
				GCC_WARN_UNUSED_VARIABLE = YES;
				MACOSX_DEPLOYMENT_TARGET = 14.0;
				MTL_ENABLE_DEBUG_INFO = INCLUDE_SOURCE;
				MTL_FAST_MATH = YES;
				ONLY_ACTIVE_ARCH = YES;
				SDKROOT = macosx;
				SWIFT_ACTIVE_COMPILATION_CONDITIONS = DEBUG;
				SWIFT_OPTIMIZATION_LEVEL = "-Onone";
			};
			name = Debug;
		};
		02392DFB2A04024600F1AE9C /* Release */ = {
			isa = XCBuildConfiguration;
			buildSettings = {
				ALWAYS_SEARCH_USER_PATHS = NO;
				CLANG_ANALYZER_NONNULL = YES;
				CLANG_ANALYZER_NUMBER_OBJECT_CONVERSION = YES_AGGRESSIVE;
				CLANG_CXX_LANGUAGE_STANDARD = "gnu++20";
				CLANG_ENABLE_MODULES = YES;
				CLANG_ENABLE_OBJC_ARC = YES;
				CLANG_ENABLE_OBJC_WEAK = YES;
				CLANG_WARN_BLOCK_CAPTURE_AUTORELEASING = YES;
				CLANG_WARN_BOOL_CONVERSION = YES;
				CLANG_WARN_COMMA = YES;
				CLANG_WARN_CONSTANT_CONVERSION = YES;
				CLANG_WARN_DEPRECATED_OBJC_IMPLEMENTATIONS = YES;
				CLANG_WARN_DIRECT_OBJC_ISA_USAGE = YES_ERROR;
				CLANG_WARN_DOCUMENTATION_COMMENTS = YES;
				CLANG_WARN_EMPTY_BODY = YES;
				CLANG_WARN_ENUM_CONVERSION = YES;
				CLANG_WARN_INFINITE_RECURSION = YES;
				CLANG_WARN_INT_CONVERSION = YES;
				CLANG_WARN_NON_LITERAL_NULL_CONVERSION = YES;
				CLANG_WARN_OBJC_IMPLICIT_RETAIN_SELF = YES;
				CLANG_WARN_OBJC_LITERAL_CONVERSION = YES;
				CLANG_WARN_OBJC_ROOT_CLASS = YES_ERROR;
				CLANG_WARN_QUOTED_INCLUDE_IN_FRAMEWORK_HEADER = YES;
				CLANG_WARN_RANGE_LOOP_ANALYSIS = YES;
				CLANG_WARN_STRICT_PROTOTYPES = YES;
				CLANG_WARN_SUSPICIOUS_MOVE = YES;
				CLANG_WARN_UNGUARDED_AVAILABILITY = YES_AGGRESSIVE;
				CLANG_WARN_UNREACHABLE_CODE = YES;
				CLANG_WARN__DUPLICATE_METHOD_MATCH = YES;
				COPY_PHASE_STRIP = NO;
				DEAD_CODE_STRIPPING = YES;
				DEBUG_INFORMATION_FORMAT = "dwarf-with-dsym";
				ENABLE_NS_ASSERTIONS = NO;
				ENABLE_STRICT_OBJC_MSGSEND = YES;
				ENABLE_USER_SCRIPT_SANDBOXING = YES;
				GCC_C_LANGUAGE_STANDARD = gnu11;
				GCC_NO_COMMON_BLOCKS = YES;
				GCC_WARN_64_TO_32_BIT_CONVERSION = YES;
				GCC_WARN_ABOUT_RETURN_TYPE = YES_ERROR;
				GCC_WARN_UNDECLARED_SELECTOR = YES;
				GCC_WARN_UNINITIALIZED_AUTOS = YES_AGGRESSIVE;
				GCC_WARN_UNUSED_FUNCTION = YES;
				GCC_WARN_UNUSED_VARIABLE = YES;
				MACOSX_DEPLOYMENT_TARGET = 14.0;
				MTL_ENABLE_DEBUG_INFO = NO;
				MTL_FAST_MATH = YES;
				SDKROOT = macosx;
				SWIFT_COMPILATION_MODE = wholemodule;
				SWIFT_OPTIMIZATION_LEVEL = "-O";
			};
			name = Release;
		};
		02392DFD2A04024600F1AE9C /* Debug */ = {
			isa = XCBuildConfiguration;
			buildSettings = {
				CODE_SIGN_ENTITLEMENTS = LLCL/LLCL.entitlements;
				CODE_SIGN_IDENTITY = "-";
				"CODE_SIGN_IDENTITY[sdk=macosx*]" = "-";
				CODE_SIGN_STYLE = Manual;
				DEAD_CODE_STRIPPING = YES;
				DEVELOPMENT_TEAM = "";
				ENABLE_HARDENED_RUNTIME = NO;
				MACOSX_DEPLOYMENT_TARGET = 13;
				PRODUCT_NAME = "$(TARGET_NAME)";
				PROVISIONING_PROFILE_SPECIFIER = "";
				SWIFT_VERSION = 5.0;
			};
			name = Debug;
		};
		02392DFE2A04024600F1AE9C /* Release */ = {
			isa = XCBuildConfiguration;
			buildSettings = {
				CODE_SIGN_ENTITLEMENTS = LLCL/LLCL.entitlements;
				CODE_SIGN_IDENTITY = "-";
				"CODE_SIGN_IDENTITY[sdk=macosx*]" = "-";
				CODE_SIGN_STYLE = Manual;
				DEAD_CODE_STRIPPING = YES;
				DEVELOPMENT_TEAM = "";
				ENABLE_HARDENED_RUNTIME = NO;
				MACOSX_DEPLOYMENT_TARGET = 13;
				ONLY_ACTIVE_ARCH = YES;
				PRODUCT_NAME = "$(TARGET_NAME)";
				PROVISIONING_PROFILE_SPECIFIER = "";
				SWIFT_VERSION = 5.0;
			};
			name = Release;
		};
/* End XCBuildConfiguration section */

/* Begin XCConfigurationList section */
		02392DF02A04024600F1AE9C /* Build configuration list for PBXProject "LLCL" */ = {
			isa = XCConfigurationList;
			buildConfigurations = (
				02392DFA2A04024600F1AE9C /* Debug */,
				02392DFB2A04024600F1AE9C /* Release */,
			);
			defaultConfigurationIsVisible = 0;
			defaultConfigurationName = Release;
		};
		02392DFC2A04024600F1AE9C /* Build configuration list for PBXNativeTarget "LLCL" */ = {
			isa = XCConfigurationList;
			buildConfigurations = (
				02392DFD2A04024600F1AE9C /* Debug */,
				02392DFE2A04024600F1AE9C /* Release */,
			);
			defaultConfigurationIsVisible = 0;
			defaultConfigurationName = Release;
		};
/* End XCConfigurationList section */
	};
	rootObject = 02392DED2A04024600F1AE9C /* Project object */;
}
